// !$*UTF8*$!
{
	archiveVersion = 1;
	classes = {
	};
	objectVersion = 46;
	objects = {

/* Begin PBXBuildFile section */
		CD5709D9177EDDA80044FE4C /* UIKit.framework in Frameworks */ = {isa = PBXBuildFile; fileRef = CD5709D8177EDDA80044FE4C /* UIKit.framework */; };
		CD5709DB177EDDA80044FE4C /* Foundation.framework in Frameworks */ = {isa = PBXBuildFile; fileRef = CD5709DA177EDDA80044FE4C /* Foundation.framework */; };
		CD5709DD177EDDA80044FE4C /* CoreGraphics.framework in Frameworks */ = {isa = PBXBuildFile; fileRef = CD5709DC177EDDA80044FE4C /* CoreGraphics.framework */; };
		CD5709E3177EDDA80044FE4C /* InfoPlist.strings in Resources */ = {isa = PBXBuildFile; fileRef = CD5709E1177EDDA80044FE4C /* InfoPlist.strings */; };
		CD5709E5177EDDA80044FE4C /* main.m in Sources */ = {isa = PBXBuildFile; fileRef = CD5709E4177EDDA80044FE4C /* main.m */; };
		CD5709E9177EDDA80044FE4C /* ContactAppDelegate.m in Sources */ = {isa = PBXBuildFile; fileRef = CD5709E8177EDDA80044FE4C /* ContactAppDelegate.m */; };
		CD5709EB177EDDA80044FE4C /* Default.png in Resources */ = {isa = PBXBuildFile; fileRef = CD5709EA177EDDA80044FE4C /* Default.png */; };
		CD5709ED177EDDA80044FE4C /* Default@2x.png in Resources */ = {isa = PBXBuildFile; fileRef = CD5709EC177EDDA80044FE4C /* Default@2x.png */; };
		CD5709EF177EDDA80044FE4C /* Default-568h@2x.png in Resources */ = {isa = PBXBuildFile; fileRef = CD5709EE177EDDA80044FE4C /* Default-568h@2x.png */; };
		CD5709F2177EDDA80044FE4C /* MainStoryboard.storyboard in Resources */ = {isa = PBXBuildFile; fileRef = CD5709F0177EDDA80044FE4C /* MainStoryboard.storyboard */; };
		CD5709F5177EDDA80044FE4C /* ContactViewController.m in Sources */ = {isa = PBXBuildFile; fileRef = CD5709F4177EDDA80044FE4C /* ContactViewController.m */; };
		CD5709FD177EDEA60044FE4C /* AddressBook.framework in Frameworks */ = {isa = PBXBuildFile; fileRef = CD5709FB177EDEA60044FE4C /* AddressBook.framework */; };
		CD5709FE177EDEA60044FE4C /* AddressBookUI.framework in Frameworks */ = {isa = PBXBuildFile; fileRef = CD5709FC177EDEA60044FE4C /* AddressBookUI.framework */; };
/* End PBXBuildFile section */

/* Begin PBXFileReference section */
		CD5709D5177EDDA80044FE4C /* contactFetcher.app */ = {isa = PBXFileReference; explicitFileType = wrapper.application; includeInIndex = 0; path = contactFetcher.app; sourceTree = BUILT_PRODUCTS_DIR; };
		CD5709D8177EDDA80044FE4C /* UIKit.framework */ = {isa = PBXFileReference; lastKnownFileType = wrapper.framework; name = UIKit.framework; path = System/Library/Frameworks/UIKit.framework; sourceTree = SDKROOT; };
		CD5709DA177EDDA80044FE4C /* Foundation.framework */ = {isa = PBXFileReference; lastKnownFileType = wrapper.framework; name = Foundation.framework; path = System/Library/Frameworks/Foundation.framework; sourceTree = SDKROOT; };
		CD5709DC177EDDA80044FE4C /* CoreGraphics.framework */ = {isa = PBXFileReference; lastKnownFileType = wrapper.framework; name = CoreGraphics.framework; path = System/Library/Frameworks/CoreGraphics.framework; sourceTree = SDKROOT; };
		CD5709E0177EDDA80044FE4C /* contactFetcher-Info.plist */ = {isa = PBXFileReference; lastKnownFileType = text.plist.xml; path = "contactFetcher-Info.plist"; sourceTree = "<group>"; };
		CD5709E2177EDDA80044FE4C /* en */ = {isa = PBXFileReference; lastKnownFileType = text.plist.strings; name = en; path = en.lproj/InfoPlist.strings; sourceTree = "<group>"; };
		CD5709E4177EDDA80044FE4C /* main.m */ = {isa = PBXFileReference; lastKnownFileType = sourcecode.c.objc; path = main.m; sourceTree = "<group>"; };
		CD5709E6177EDDA80044FE4C /* contactFetcher-Prefix.pch */ = {isa = PBXFileReference; lastKnownFileType = sourcecode.c.h; path = "contactFetcher-Prefix.pch"; sourceTree = "<group>"; };
		CD5709E7177EDDA80044FE4C /* ContactAppDelegate.h */ = {isa = PBXFileReference; lastKnownFileType = sourcecode.c.h; path = ContactAppDelegate.h; sourceTree = "<group>"; };
		CD5709E8177EDDA80044FE4C /* ContactAppDelegate.m */ = {isa = PBXFileReference; lastKnownFileType = sourcecode.c.objc; path = ContactAppDelegate.m; sourceTree = "<group>"; };
		CD5709EA177EDDA80044FE4C /* Default.png */ = {isa = PBXFileReference; lastKnownFileType = image.png; path = Default.png; sourceTree = "<group>"; };
		CD5709EC177EDDA80044FE4C /* Default@2x.png */ = {isa = PBXFileReference; lastKnownFileType = image.png; path = "Default@2x.png"; sourceTree = "<group>"; };
		CD5709EE177EDDA80044FE4C /* Default-568h@2x.png */ = {isa = PBXFileReference; lastKnownFileType = image.png; path = "Default-568h@2x.png"; sourceTree = "<group>"; };
		CD5709F1177EDDA80044FE4C /* en */ = {isa = PBXFileReference; lastKnownFileType = file.storyboard; name = en; path = en.lproj/MainStoryboard.storyboard; sourceTree = "<group>"; };
		CD5709F3177EDDA80044FE4C /* ContactViewController.h */ = {isa = PBXFileReference; lastKnownFileType = sourcecode.c.h; path = ContactViewController.h; sourceTree = "<group>"; };
		CD5709F4177EDDA80044FE4C /* ContactViewController.m */ = {isa = PBXFileReference; lastKnownFileType = sourcecode.c.objc; path = ContactViewController.m; sourceTree = "<group>"; };
		CD5709FB177EDEA60044FE4C /* AddressBook.framework */ = {isa = PBXFileReference; lastKnownFileType = wrapper.framework; name = AddressBook.framework; path = System/Library/Frameworks/AddressBook.framework; sourceTree = SDKROOT; };
		CD5709FC177EDEA60044FE4C /* AddressBookUI.framework */ = {isa = PBXFileReference; lastKnownFileType = wrapper.framework; name = AddressBookUI.framework; path = System/Library/Frameworks/AddressBookUI.framework; sourceTree = SDKROOT; };
/* End PBXFileReference section */

/* Begin PBXFrameworksBuildPhase section */
		CD5709D2177EDDA80044FE4C /* Frameworks */ = {
			isa = PBXFrameworksBuildPhase;
			buildActionMask = 2147483647;
			files = (
				CD5709FD177EDEA60044FE4C /* AddressBook.framework in Frameworks */,
				CD5709FE177EDEA60044FE4C /* AddressBookUI.framework in Frameworks */,
				CD5709D9177EDDA80044FE4C /* UIKit.framework in Frameworks */,
				CD5709DB177EDDA80044FE4C /* Foundation.framework in Frameworks */,
				CD5709DD177EDDA80044FE4C /* CoreGraphics.framework in Frameworks */,
			);
			runOnlyForDeploymentPostprocessing = 0;
		};
/* End PBXFrameworksBuildPhase section */

/* Begin PBXGroup section */
		CD5709CC177EDDA80044FE4C = {
			isa = PBXGroup;
			children = (
				CD5709FB177EDEA60044FE4C /* AddressBook.framework */,
				CD5709FC177EDEA60044FE4C /* AddressBookUI.framework */,
				CD5709DE177EDDA80044FE4C /* contactFetcher */,
				CD5709D7177EDDA80044FE4C /* Frameworks */,
				CD5709D6177EDDA80044FE4C /* Products */,
			);
			sourceTree = "<group>";
		};
		CD5709D6177EDDA80044FE4C /* Products */ = {
			isa = PBXGroup;
			children = (
				CD5709D5177EDDA80044FE4C /* contactFetcher.app */,
			);
			name = Products;
			sourceTree = "<group>";
		};
		CD5709D7177EDDA80044FE4C /* Frameworks */ = {
			isa = PBXGroup;
			children = (
				CD5709D8177EDDA80044FE4C /* UIKit.framework */,
				CD5709DA177EDDA80044FE4C /* Foundation.framework */,
				CD5709DC177EDDA80044FE4C /* CoreGraphics.framework */,
			);
			name = Frameworks;
			sourceTree = "<group>";
		};
		CD5709DE177EDDA80044FE4C /* contactFetcher */ = {
			isa = PBXGroup;
			children = (
				CD5709E7177EDDA80044FE4C /* ContactAppDelegate.h */,
				CD5709E8177EDDA80044FE4C /* ContactAppDelegate.m */,
				CD5709F0177EDDA80044FE4C /* MainStoryboard.storyboard */,
				CD5709F3177EDDA80044FE4C /* ContactViewController.h */,
				CD5709F4177EDDA80044FE4C /* ContactViewController.m */,
				CD5709DF177EDDA80044FE4C /* Supporting Files */,
			);
			path = contactFetcher;
			sourceTree = "<group>";
		};
		CD5709DF177EDDA80044FE4C /* Supporting Files */ = {
			isa = PBXGroup;
			children = (
				CD5709E0177EDDA80044FE4C /* contactFetcher-Info.plist */,
				CD5709E1177EDDA80044FE4C /* InfoPlist.strings */,
				CD5709E4177EDDA80044FE4C /* main.m */,
				CD5709E6177EDDA80044FE4C /* contactFetcher-Prefix.pch */,
				CD5709EA177EDDA80044FE4C /* Default.png */,
				CD5709EC177EDDA80044FE4C /* Default@2x.png */,
				CD5709EE177EDDA80044FE4C /* Default-568h@2x.png */,
			);
			name = "Supporting Files";
			sourceTree = "<group>";
		};
/* End PBXGroup section */

/* Begin PBXNativeTarget section */
		CD5709D4177EDDA80044FE4C /* contactFetcher */ = {
			isa = PBXNativeTarget;
			buildConfigurationList = CD5709F8177EDDA80044FE4C /* Build configuration list for PBXNativeTarget "contactFetcher" */;
			buildPhases = (
				CD5709D1177EDDA80044FE4C /* Sources */,
				CD5709D2177EDDA80044FE4C /* Frameworks */,
				CD5709D3177EDDA80044FE4C /* Resources */,
			);
			buildRules = (
			);
			dependencies = (
			);
			name = contactFetcher;
			productName = contactFetcher;
			productReference = CD5709D5177EDDA80044FE4C /* contactFetcher.app */;
			productType = "com.apple.product-type.application";
		};
/* End PBXNativeTarget section */

/* Begin PBXProject section */
		CD5709CD177EDDA80044FE4C /* Project object */ = {
			isa = PBXProject;
			attributes = {
				CLASSPREFIX = Contact;
				LastUpgradeCheck = 0460;
				ORGANIZATIONNAME = patrick;
			};
			buildConfigurationList = CD5709D0177EDDA80044FE4C /* Build configuration list for PBXProject "contactFetcher" */;
			compatibilityVersion = "Xcode 3.2";
			developmentRegion = English;
			hasScannedForEncodings = 0;
			knownRegions = (
				en,
			);
			mainGroup = CD5709CC177EDDA80044FE4C;
			productRefGroup = CD5709D6177EDDA80044FE4C /* Products */;
			projectDirPath = "";
			projectRoot = "";
			targets = (
				CD5709D4177EDDA80044FE4C /* contactFetcher */,
			);
		};
/* End PBXProject section */

/* Begin PBXResourcesBuildPhase section */
		CD5709D3177EDDA80044FE4C /* Resources */ = {
			isa = PBXResourcesBuildPhase;
			buildActionMask = 2147483647;
			files = (
				CD5709E3177EDDA80044FE4C /* InfoPlist.strings in Resources */,
				CD5709EB177EDDA80044FE4C /* Default.png in Resources */,
				CD5709ED177EDDA80044FE4C /* Default@2x.png in Resources */,
				CD5709EF177EDDA80044FE4C /* Default-568h@2x.png in Resources */,
				CD5709F2177EDDA80044FE4C /* MainStoryboard.storyboard in Resources */,
			);
			runOnlyForDeploymentPostprocessing = 0;
		};
/* End PBXResourcesBuildPhase section */

/* Begin PBXSourcesBuildPhase section */
		CD5709D1177EDDA80044FE4C /* Sources */ = {
			isa = PBXSourcesBuildPhase;
			buildActionMask = 2147483647;
			files = (
				CD5709E5177EDDA80044FE4C /* main.m in Sources */,
				CD5709E9177EDDA80044FE4C /* ContactAppDelegate.m in Sources */,
				CD5709F5177EDDA80044FE4C /* ContactViewController.m in Sources */,
			);
			runOnlyForDeploymentPostprocessing = 0;
		};
/* End PBXSourcesBuildPhase section */

/* Begin PBXVariantGroup section */
		CD5709E1177EDDA80044FE4C /* InfoPlist.strings */ = {
			isa = PBXVariantGroup;
			children = (
				CD5709E2177EDDA80044FE4C /* en */,
			);
			name = InfoPlist.strings;
			sourceTree = "<group>";
		};
		CD5709F0177EDDA80044FE4C /* MainStoryboard.storyboard */ = {
			isa = PBXVariantGroup;
			children = (
				CD5709F1177EDDA80044FE4C /* en */,
			);
			name = MainStoryboard.storyboard;
			sourceTree = "<group>";
		};
/* End PBXVariantGroup section */

/* Begin XCBuildConfiguration section */
		CD5709F6177EDDA80044FE4C /* Debug */ = {
			isa = XCBuildConfiguration;
			buildSettings = {
				ALWAYS_SEARCH_USER_PATHS = NO;
				CLANG_CXX_LANGUAGE_STANDARD = "gnu++0x";
				CLANG_CXX_LIBRARY = "libc++";
				CLANG_ENABLE_OBJC_ARC = YES;
				CLANG_WARN_CONSTANT_CONVERSION = YES;
				CLANG_WARN_EMPTY_BODY = YES;
				CLANG_WARN_ENUM_CONVERSION = YES;
				CLANG_WARN_INT_CONVERSION = YES;
				CLANG_WARN__DUPLICATE_METHOD_MATCH = YES;
				"CODE_SIGN_IDENTITY[sdk=iphoneos*]" = "iPhone Developer";
				COPY_PHASE_STRIP = NO;
				GCC_C_LANGUAGE_STANDARD = gnu99;
				GCC_DYNAMIC_NO_PIC = NO;
				GCC_OPTIMIZATION_LEVEL = 0;
				GCC_PREPROCESSOR_DEFINITIONS = (
					"DEBUG=1",
					"$(inherited)",
				);
				GCC_SYMBOLS_PRIVATE_EXTERN = NO;
				GCC_WARN_ABOUT_RETURN_TYPE = YES;
				GCC_WARN_UNINITIALIZED_AUTOS = YES;
				GCC_WARN_UNUSED_VARIABLE = YES;
				IPHONEOS_DEPLOYMENT_TARGET = 6.1;
				ONLY_ACTIVE_ARCH = YES;
				SDKROOT = iphoneos;
			};
			name = Debug;
		};
		CD5709F7177EDDA80044FE4C /* Release */ = {
			isa = XCBuildConfiguration;
			buildSettings = {
				ALWAYS_SEARCH_USER_PATHS = NO;
				CLANG_CXX_LANGUAGE_STANDARD = "gnu++0x";
				CLANG_CXX_LIBRARY = "libc++";
				CLANG_ENABLE_OBJC_ARC = YES;
				CLANG_WARN_CONSTANT_CONVERSION = YES;
				CLANG_WARN_EMPTY_BODY = YES;
				CLANG_WARN_ENUM_CONVERSION = YES;
				CLANG_WARN_INT_CONVERSION = YES;
				CLANG_WARN__DUPLICATE_METHOD_MATCH = YES;
				"CODE_SIGN_IDENTITY[sdk=iphoneos*]" = "iPhone Developer";
				COPY_PHASE_STRIP = YES;
				GCC_C_LANGUAGE_STANDARD = gnu99;
				GCC_WARN_ABOUT_RETURN_TYPE = YES;
				GCC_WARN_UNINITIALIZED_AUTOS = YES;
				GCC_WARN_UNUSED_VARIABLE = YES;
				IPHONEOS_DEPLOYMENT_TARGET = 6.1;
				OTHER_CFLAGS = "-DNS_BLOCK_ASSERTIONS=1";
				SDKROOT = iphoneos;
				VALIDATE_PRODUCT = YES;
			};
			name = Release;
		};
		CD5709F9177EDDA80044FE4C /* Debug */ = {
			isa = XCBuildConfiguration;
			buildSettings = {
				GCC_PRECOMPILE_PREFIX_HEADER = YES;
				GCC_PREFIX_HEADER = "contactFetcher/contactFetcher-Prefix.pch";
				INFOPLIST_FILE = "contactFetcher/contactFetcher-Info.plist";
				PRODUCT_NAME = "$(TARGET_NAME)";
				WRAPPER_EXTENSION = app;
			};
			name = Debug;
		};
		CD5709FA177EDDA80044FE4C /* Release */ = {
			isa = XCBuildConfiguration;
			buildSettings = {
				GCC_PRECOMPILE_PREFIX_HEADER = YES;
				GCC_PREFIX_HEADER = "contactFetcher/contactFetcher-Prefix.pch";
				INFOPLIST_FILE = "contactFetcher/contactFetcher-Info.plist";
				PRODUCT_NAME = "$(TARGET_NAME)";
				WRAPPER_EXTENSION = app;
			};
			name = Release;
		};
/* End XCBuildConfiguration section */

/* Begin XCConfigurationList section */
		CD5709D0177EDDA80044FE4C /* Build configuration list for PBXProject "contactFetcher" */ = {
			isa = XCConfigurationList;
			buildConfigurations = (
				CD5709F6177EDDA80044FE4C /* Debug */,
				CD5709F7177EDDA80044FE4C /* Release */,
			);
			defaultConfigurationIsVisible = 0;
			defaultConfigurationName = Release;
		};
		CD5709F8177EDDA80044FE4C /* Build configuration list for PBXNativeTarget "contactFetcher" */ = {
			isa = XCConfigurationList;
			buildConfigurations = (
				CD5709F9177EDDA80044FE4C /* Debug */,
				CD5709FA177EDDA80044FE4C /* Release */,
			);
			defaultConfigurationIsVisible = 0;
		};
/* End XCConfigurationList section */
	};
	rootObject = CD5709CD177EDDA80044FE4C /* Project object */;
}
